
Microsoft Visual Studio Solution File, Format Version 12.00
# Visual Studio Version 16
VisualStudioVersion = 16.0.29503.13
MinimumVisualStudioVersion = 10.0.40219.1
Project("{FAE04EC0-301F-11D3-BF4B-00C04F79EFBC}") = "Runpath.API", "Runpath.API\Runpath.API.csproj", "{763892D3-CDAA-4087-AA5F-5F9BF930D97E}"
EndProject
Global
	GlobalSection(SolutionConfigurationPlatforms) = preSolution
		Debug|Any CPU = Debug|Any CPU
		Release|Any CPU = Release|Any CPU
	EndGlobalSection
	GlobalSection(ProjectConfigurationPlatforms) = postSolution
		{763892D3-CDAA-4087-AA5F-5F9BF930D97E}.Debug|Any CPU.ActiveCfg = Debug|Any CPU
		{763892D3-CDAA-4087-AA5F-5F9BF930D97E}.Debug|Any CPU.Build.0 = Debug|Any CPU
		{763892D3-CDAA-4087-AA5F-5F9BF930D97E}.Release|Any CPU.ActiveCfg = Release|Any CPU
		{763892D3-CDAA-4087-AA5F-5F9BF930D97E}.Release|Any CPU.Build.0 = Release|Any CPU
	EndGlobalSection
	GlobalSection(SolutionProperties) = preSolution
		HideSolutionNode = FALSE
	EndGlobalSection
	GlobalSection(ExtensibilityGlobals) = postSolution
		SolutionGuid = {FDDF3DF7-B054-480D-A78A-38C8EA71753F}
	EndGlobalSection
EndGlobal
